
Microsoft Visual Studio Solution File, Format Version 12.00
# Visual Studio Version 17
VisualStudioVersion = 17.10.34928.147
MinimumVisualStudioVersion = 10.0.40219.1
Project("{9A19103F-16F7-4668-BE54-9A1E7A4F7556}") = "Entities", "Entities\Entities.csproj", "{0FAFD942-82FC-4EBE-8D57-453DA178D055}"
EndProject
Project("{9A19103F-16F7-4668-BE54-9A1E7A4F7556}") = "DataAccess", "DataAccess\DataAccess.csproj", "{7F5FF671-94BB-4039-B7BD-EFB2083FCF69}"
EndProject
Project("{9A19103F-16F7-4668-BE54-9A1E7A4F7556}") = "Business", "Business\Business.csproj", "{61AABD17-2A34-4493-A51F-E21ABFA4740F}"
EndProject
Project("{9A19103F-16F7-4668-BE54-9A1E7A4F7556}") = "Core", "Core\Core.csproj", "{9D27CB1D-2400-463E-BD56-ADFEAE9C8D06}"
EndProject
Project("{9A19103F-16F7-4668-BE54-9A1E7A4F7556}") = "WebAPI", "WebAPI\WebAPI.csproj", "{F1E21CB0-E906-4462-9D32-8430D60E8C12}"
EndProject
Project("{2150E333-8FDC-42A3-9474-1A3956D46DE8}") = "Solution Items", "Solution Items", "{C4F42A30-C9B4-45F3-AA55-9F9E2B638FC0}"
	ProjectSection(SolutionItems) = preProject
		.editorconfig = .editorconfig
	EndProjectSection
EndProject
Global
	GlobalSection(SolutionConfigurationPlatforms) = preSolution
		Debug|Any CPU = Debug|Any CPU
		Release|Any CPU = Release|Any CPU
	EndGlobalSection
	GlobalSection(ProjectConfigurationPlatforms) = postSolution
		{0FAFD942-82FC-4EBE-8D57-453DA178D055}.Debug|Any CPU.ActiveCfg = Debug|Any CPU
		{0FAFD942-82FC-4EBE-8D57-453DA178D055}.Debug|Any CPU.Build.0 = Debug|Any CPU
		{0FAFD942-82FC-4EBE-8D57-453DA178D055}.Release|Any CPU.ActiveCfg = Release|Any CPU
		{0FAFD942-82FC-4EBE-8D57-453DA178D055}.Release|Any CPU.Build.0 = Release|Any CPU
		{7F5FF671-94BB-4039-B7BD-EFB2083FCF69}.Debug|Any CPU.ActiveCfg = Debug|Any CPU
		{7F5FF671-94BB-4039-B7BD-EFB2083FCF69}.Debug|Any CPU.Build.0 = Debug|Any CPU
		{7F5FF671-94BB-4039-B7BD-EFB2083FCF69}.Release|Any CPU.ActiveCfg = Release|Any CPU
		{7F5FF671-94BB-4039-B7BD-EFB2083FCF69}.Release|Any CPU.Build.0 = Release|Any CPU
		{61AABD17-2A34-4493-A51F-E21ABFA4740F}.Debug|Any CPU.ActiveCfg = Debug|Any CPU
		{61AABD17-2A34-4493-A51F-E21ABFA4740F}.Debug|Any CPU.Build.0 = Debug|Any CPU
		{61AABD17-2A34-4493-A51F-E21ABFA4740F}.Release|Any CPU.ActiveCfg = Release|Any CPU
		{61AABD17-2A34-4493-A51F-E21ABFA4740F}.Release|Any CPU.Build.0 = Release|Any CPU
		{9D27CB1D-2400-463E-BD56-ADFEAE9C8D06}.Debug|Any CPU.ActiveCfg = Debug|Any CPU
		{9D27CB1D-2400-463E-BD56-ADFEAE9C8D06}.Debug|Any CPU.Build.0 = Debug|Any CPU
		{9D27CB1D-2400-463E-BD56-ADFEAE9C8D06}.Release|Any CPU.ActiveCfg = Release|Any CPU
		{9D27CB1D-2400-463E-BD56-ADFEAE9C8D06}.Release|Any CPU.Build.0 = Release|Any CPU
		{F1E21CB0-E906-4462-9D32-8430D60E8C12}.Debug|Any CPU.ActiveCfg = Debug|Any CPU
		{F1E21CB0-E906-4462-9D32-8430D60E8C12}.Debug|Any CPU.Build.0 = Debug|Any CPU
		{F1E21CB0-E906-4462-9D32-8430D60E8C12}.Release|Any CPU.ActiveCfg = Release|Any CPU
		{F1E21CB0-E906-4462-9D32-8430D60E8C12}.Release|Any CPU.Build.0 = Release|Any CPU
	EndGlobalSection
	GlobalSection(SolutionProperties) = preSolution
		HideSolutionNode = FALSE
	EndGlobalSection
	GlobalSection(ExtensibilityGlobals) = postSolution
		SolutionGuid = {0D8BE817-4A4B-44C6-B168-27C1A0481C02}
	EndGlobalSection
EndGlobal
